{
  "originHash" : "1857d2d27b16242e83851d5020a12266010595629604264d74126c0e02ff66e6",
  "pins" : [
    {
      "identity" : "openaikit",
      "kind" : "remoteSourceControl",
      "location" : "https://github.com/OpenDive/OpenAIKit.git",
      "state" : {
        "revision" : "55cc10e406bba124f908dcebe54f3cd62529d3f7",
        "version" : "2.0.0"
      }
    },
    {
      "identity" : "vortex",
      "kind" : "remoteSourceControl",
      "location" : "https://github.com/twostraws/Vortex",
      "state" : {
        "revision" : "bb48b128d3c13c68c68e83833c622eec9f6c701f",
        "version" : "1.0.1"
      }
    }
  ],
  "version" : 3
}
